
Microsoft Visual Studio Solution File, Format Version 12.00
# Visual Studio Version 17
VisualStudioVersion = 17.3.32929.385
MinimumVisualStudioVersion = 10.0.40219.1
Project("{9A19103F-16F7-4668-BE54-9A1E7A4F7556}") = "CrossTest1", "CrossTest1\CrossTest1.csproj", "{386CEF62-D80B-46C2-AB0F-82F664CA89B6}"
EndProject
Global
	GlobalSection(SolutionConfigurationPlatforms) = preSolution
		Debug|Any CPU = Debug|Any CPU
		Release|Any CPU = Release|Any CPU
	EndGlobalSection
	GlobalSection(ProjectConfigurationPlatforms) = postSolution
		{386CEF62-D80B-46C2-AB0F-82F664CA89B6}.Debug|Any CPU.ActiveCfg = Debug|Any CPU
		{386CEF62-D80B-46C2-AB0F-82F664CA89B6}.Debug|Any CPU.Build.0 = Debug|Any CPU
		{386CEF62-D80B-46C2-AB0F-82F664CA89B6}.Release|Any CPU.ActiveCfg = Release|Any CPU
		{386CEF62-D80B-46C2-AB0F-82F664CA89B6}.Release|Any CPU.Build.0 = Release|Any CPU
	EndGlobalSection
	GlobalSection(SolutionProperties) = preSolution
		HideSolutionNode = FALSE
	EndGlobalSection
	GlobalSection(ExtensibilityGlobals) = postSolution
		SolutionGuid = {1D1DAB7B-C983-41CD-97D8-07B31D5B2353}
	EndGlobalSection
EndGlobal
